
Microsoft Visual Studio Solution File, Format Version 12.00
# Visual Studio Version 16
VisualStudioVersion = 16.0.30320.27
MinimumVisualStudioVersion = 10.0.40219.1
Project("{FAE04EC0-301F-11D3-BF4B-00C04F79EFBC}") = "FIT5032_Week03", "FIT5032_Week03\FIT5032_Week03.csproj", "{D9FB5EBD-92A8-4493-8D0C-D8BB1D8A4729}"
EndProject
Global
	GlobalSection(SolutionConfigurationPlatforms) = preSolution
		Debug|Any CPU = Debug|Any CPU
		Release|Any CPU = Release|Any CPU
	EndGlobalSection
	GlobalSection(ProjectConfigurationPlatforms) = postSolution
		{D9FB5EBD-92A8-4493-8D0C-D8BB1D8A4729}.Debug|Any CPU.ActiveCfg = Debug|Any CPU
		{D9FB5EBD-92A8-4493-8D0C-D8BB1D8A4729}.Debug|Any CPU.Build.0 = Debug|Any CPU
		{D9FB5EBD-92A8-4493-8D0C-D8BB1D8A4729}.Release|Any CPU.ActiveCfg = Release|Any CPU
		{D9FB5EBD-92A8-4493-8D0C-D8BB1D8A4729}.Release|Any CPU.Build.0 = Release|Any CPU
	EndGlobalSection
	GlobalSection(SolutionProperties) = preSolution
		HideSolutionNode = FALSE
	EndGlobalSection
	GlobalSection(ExtensibilityGlobals) = postSolution
		SolutionGuid = {84577085-CDA8-4D67-B454-5E9B1FE13E54}
	EndGlobalSection
EndGlobal
